{
    "_readme": [
        "This file locks the dependencies of your project to a known state",
        "Read more about it at https://getcomposer.org/doc/01-basic-usage.md#composer-lock-the-lock-file",
        "This file is @generated automatically"
    ],
    "hash": "3ae1da4dd084277537f882c834a07de2",
    "packages": [
        {
            "name": "composer/installers",
            "version": "dev-master",
            "source": {
                "type": "git",
                "url": "https://github.com/composer/installers.git",
                "reference": "e420b539e8d7b38b7c6f3f99dccc0386bd3dfe41"
            },
            "dist": {
                "type": "zip",
                "url": "https://api.github.com/repos/composer/installers/zipball/e420b539e8d7b38b7c6f3f99dccc0386bd3dfe41",
                "reference": "e420b539e8d7b38b7c6f3f99dccc0386bd3dfe41",
                "shasum": ""
            },
            "replace": {
                "roundcube/plugin-installer": "*",
                "shama/baton": "*"
            },
            "require-dev": {
                "composer/composer": "1.0.*@dev",
                "phpunit/phpunit": "4.1.*"
            },
            "type": "composer-installer",
            "extra": {
                "class": "Composer\\Installers\\Installer",
                "branch-alias": {
                    "dev-master": "1.0-dev"
                }
            },
            "autoload": {
                "psr-0": {
                    "Composer\\Installers\\": "src/"
                }
            },
            "notification-url": "https://packagist.org/downloads/",
            "license": [
                "MIT"
            ],
            "authors": [
                {
                    "name": "Kyle Robinson Young",
                    "email": "kyle@dontkry.com",
                    "homepage": "https://github.com/shama"
                }
            ],
            "description": "A multi-framework Composer library installer",
            "homepage": "http://composer.github.com/installers/",
            "keywords": [
                "Craft",
                "Dolibarr",
                "Hurad",
                "MODX Evo",
                "OXID",
                "SMF",
                "Thelia",
                "WolfCMS",
                "agl",
                "aimeos",
                "annotatecms",
                "bitrix",
                "cakephp",
                "chef",
                "codeigniter",
                "concrete5",
                "croogo",
                "dokuwiki",
                "drupal",
                "elgg",
                "fuelphp",
                "grav",
                "installer",
                "joomla",
                "kohana",
                "laravel",
                "lithium",
                "magento",
                "mako",
                "mediawiki",
                "modulework",
                "moodle",
                "phpbb",
                "piwik",
                "ppi",
                "puppet",
                "roundcube",
                "shopware",
                "silverstripe",
                "symfony",
                "typo3",
                "wordpress",
                "zend",
                "zikula"
            ],
            "time": "2015-06-13 15:30:38"
        },
        {
            "name": "drewm/mailchimp-api",
            "version": "v1.0",
            "source": {
                "type": "git",
                "url": "https://github.com/drewm/mailchimp-api.git",
                "reference": "0b763f05fe18610061b8289a399a9d0569036a50"
            },
            "dist": {
                "type": "zip",
                "url": "https://api.github.com/repos/drewm/mailchimp-api/zipball/0b763f05fe18610061b8289a399a9d0569036a50",
                "reference": "0b763f05fe18610061b8289a399a9d0569036a50",
                "shasum": ""
            },
            "require": {
                "php": ">=5.3"
            },
            "type": "library",
            "autoload": {
                "psr-0": {
                    "Drewm": "src/"
                }
            },
            "notification-url": "https://packagist.org/downloads/",
            "license": [
                "MIT"
            ],
            "authors": [
                {
                    "name": "Drew McLellan",
                    "homepage": "http://allinthehead.com/"
                }
            ],
            "description": "Super-simple, minimum abstraction MailChimp API v2 wrapper",
            "homepage": "https://github.com/drewm/mailchimp-api",
            "time": "2014-05-30 16:51:39"
        },
        {
            "name": "google/recaptcha",
            "version": "dev-master",
            "source": {
                "type": "git",
                "url": "https://github.com/google/recaptcha.git",
                "reference": "e90c632d22c1f349fa22d60f69e272fd4bd244ae"
            },
            "dist": {
                "type": "zip",
                "url": "https://api.github.com/repos/google/recaptcha/zipball/e90c632d22c1f349fa22d60f69e272fd4bd244ae",
                "reference": "e90c632d22c1f349fa22d60f69e272fd4bd244ae",
                "shasum": ""
            },
            "require": {
                "php": ">=5.3.2"
            },
            "require-dev": {
                "phpunit/phpunit": "4.5.*"
            },
            "type": "library",
            "extra": {
                "branch-alias": {
                    "dev-master": "1.1.x-dev"
                }
            },
            "autoload": {
                "psr-4": {
                    "ReCaptcha\\": "src/ReCaptcha"
                }
            },
            "notification-url": "https://packagist.org/downloads/",
            "license": [
                "BSD-3-Clause"
            ],
            "description": "Client library for reCAPTCHA, a free service that protect websites from spam and abuse.",
            "homepage": "http://www.google.com/recaptcha/",
            "keywords": [
                "Abuse",
                "captcha",
                "recaptcha",
                "spam"
            ],
            "time": "2015-05-22 01:28:57"
        },
        {
            "name": "littlegiant/silverstripe-catalogmanager",
            "version": "2.0.2",
            "source": {
                "type": "git",
                "url": "https://github.com/Little-Giant/silverstripe-catalogmanager.git",
                "reference": "816ce4247a3623c042d345a78882ddaf6f2a82ee"
            },
            "dist": {
                "type": "zip",
                "url": "https://api.github.com/repos/Little-Giant/silverstripe-catalogmanager/zipball/816ce4247a3623c042d345a78882ddaf6f2a82ee",
                "reference": "816ce4247a3623c042d345a78882ddaf6f2a82ee",
                "shasum": ""
            },
            "require": {
                "undefinedoffset/sortablegridfield": "~0.4.0"
            },
            "type": "silverstripe-module",
            "notification-url": "https://packagist.org/downloads/",
            "license": [
                "MIT"
            ],
            "authors": [
                {
                    "name": "Stevie Mayhew",
                    "email": "stevie.mayhew@littlegiant.co.nz",
                    "role": "Developer"
                },
                {
                    "name": "Oliver Shaw",
                    "email": "oliver.shaw@littlegiant.co.nz",
                    "role": "Developer"
                },
                {
                    "name": "James Fallwell",
                    "email": "james.fallwell@littlegiant.co.nz",
                    "role": "Developer"
                }
            ],
            "description": "Catalog Manager provides extension for ModelAdmin editing of SiteTree instances",
            "time": "2015-04-20 20:02:54"
        },
        {
            "name": "ryanpotter/silverstripe-boilerplate",
            "version": "dev-master",
            "source": {
                "type": "git",
                "url": "https://github.com/Rhym/silverstripe-boilerplate.git",
                "reference": "cb9f6d9181e43e0a43487eaf510470b939bd9efe"
            },
            "dist": {
                "type": "zip",
                "url": "https://api.github.com/repos/Rhym/silverstripe-boilerplate/zipball/cb9f6d9181e43e0a43487eaf510470b939bd9efe",
                "reference": "cb9f6d9181e43e0a43487eaf510470b939bd9efe",
                "shasum": ""
            },
            "require": {
                "composer/installers": "*",
                "silverstripe/framework": ">=3.0.1,<3.2"
            },
            "type": "silverstripe-module",
            "extra": {
                "installer-name": "boilerplate"
            },
            "notification-url": "https://packagist.org/downloads/",
            "license": [
                "BSD-3-Clause"
            ],
            "authors": [
                {
                    "name": "Ryan Potter",
                    "homepage": "http://ryanpotter.co.nz/",
                    "role": "Developer"
                }
            ],
            "description": "Rapid Development",
            "keywords": [
                "silverstripe",
                "theme"
            ],
            "time": "2015-07-02 02:57:21"
        },
        {
            "name": "ryanpotter/silverstripe-cms-theme",
            "version": "dev-master",
            "source": {
                "type": "git",
                "url": "https://github.com/Rhym/silverstripe-cms-theme.git",
                "reference": "d20f016eb2e2b76c641921664e13dca9df1f93a6"
            },
            "dist": {
                "type": "zip",
                "url": "https://api.github.com/repos/Rhym/silverstripe-cms-theme/zipball/d20f016eb2e2b76c641921664e13dca9df1f93a6",
                "reference": "d20f016eb2e2b76c641921664e13dca9df1f93a6",
                "shasum": ""
            },
            "require": {
                "composer/installers": "*",
                "silverstripe/framework": ">=3.0.1,<3.2"
            },
            "type": "silverstripe-module",
            "extra": {
                "installer-name": "cms-branding"
            },
            "notification-url": "https://packagist.org/downloads/",
            "license": [
                "BSD-3-Clause"
            ],
            "authors": [
                {
                    "name": "Ryan Potter",
                    "homepage": "http://ryanpotter.co.nz/",
                    "role": "Developer"
                }
            ],
            "description": "CMS Theme",
            "keywords": [
                "silverstripe",
                "theme"
            ],
            "time": "2015-06-26 01:25:32"
        },
        {
            "name": "silverstripe-australia/gridfieldextensions",
            "version": "1.1.x-dev",
            "source": {
                "type": "git",
                "url": "https://github.com/silverstripe-australia/silverstripe-gridfieldextensions.git",
                "reference": "302f7c0dc1ca929d7aa001453eaa16491afd4d5b"
            },
            "dist": {
                "type": "zip",
                "url": "https://api.github.com/repos/silverstripe-australia/silverstripe-gridfieldextensions/zipball/302f7c0dc1ca929d7aa001453eaa16491afd4d5b",
                "reference": "302f7c0dc1ca929d7aa001453eaa16491afd4d5b",
                "shasum": ""
            },
            "require": {
                "silverstripe/framework": "~3.1"
            },
            "replace": {
                "ajshort/silverstripe-gridfieldextensions": "self.version"
            },
            "type": "silverstripe-module",
            "extra": {
                "installer-name": "gridfieldextensions",
                "screenshots": [
                    "docs/en/_images/editable-rows.png",
                    "docs/en/_images/add-existing-search.png"
                ]
            },
            "notification-url": "https://packagist.org/downloads/",
            "license": [
                "BSD-3-Clause"
            ],
            "authors": [
                {
                    "name": "Marcus Nyeholt",
                    "email": "marcus@silverstripe.com.au"
                },
                {
                    "name": "Andrew Short",
                    "email": "andrewjshort@gmail.com"
                }
            ],
            "description": "A collection of useful grid field components",
            "homepage": "http://github.com/ajshort/silverstripe-gridfieldextensions",
            "keywords": [
                "gridfield",
                "silverstripe"
            ],
            "time": "2015-03-04 01:28:24"
        },
        {
            "name": "silverstripe/cms",
            "version": "3.1.13",
            "source": {
                "type": "git",
                "url": "https://github.com/silverstripe/silverstripe-cms.git",
                "reference": "0557c0d47be849ff0d1693ab387c7ebad9b634e5"
            },
            "dist": {
                "type": "zip",
                "url": "https://api.github.com/repos/silverstripe/silverstripe-cms/zipball/0557c0d47be849ff0d1693ab387c7ebad9b634e5",
                "reference": "0557c0d47be849ff0d1693ab387c7ebad9b634e5",
                "shasum": ""
            },
            "require": {
                "composer/installers": "*",
                "php": ">=5.3.2",
                "silverstripe/framework": "3.1.*"
            },
            "type": "silverstripe-module",
            "autoload": {
                "classmap": [
                    "tests/behat/"
                ]
            },
            "notification-url": "https://packagist.org/downloads/",
            "license": [
                "BSD-3-Clause"
            ],
            "authors": [
                {
                    "name": "SilverStripe",
                    "homepage": "http://silverstripe.com"
                },
                {
                    "name": "The SilverStripe Community",
                    "homepage": "http://silverstripe.org"
                }
            ],
            "description": "The SilverStripe Content Management System",
            "homepage": "http://silverstripe.org",
            "keywords": [
                "cms",
                "silverstripe"
            ],
            "time": "2015-05-14 01:52:21"
        },
        {
            "name": "silverstripe/framework",
            "version": "3.1.13",
            "source": {
                "type": "git",
                "url": "https://github.com/silverstripe/silverstripe-framework.git",
                "reference": "04b803dfc6dc60f2e6a38fa74f957156230b54be"
            },
            "dist": {
                "type": "zip",
                "url": "https://api.github.com/repos/silverstripe/silverstripe-framework/zipball/04b803dfc6dc60f2e6a38fa74f957156230b54be",
                "reference": "04b803dfc6dc60f2e6a38fa74f957156230b54be",
                "shasum": ""
            },
            "require": {
                "composer/installers": "*",
                "php": ">=5.3.2"
            },
            "require-dev": {
                "phpunit/phpunit": "~3.7@stable"
            },
            "type": "silverstripe-module",
            "autoload": {
                "classmap": [
                    "tests/behat/features/bootstrap"
                ]
            },
            "notification-url": "https://packagist.org/downloads/",
            "license": [
                "BSD-3-Clause"
            ],
            "authors": [
                {
                    "name": "SilverStripe",
                    "homepage": "http://silverstripe.com"
                },
                {
                    "name": "The SilverStripe Community",
                    "homepage": "http://silverstripe.org"
                }
            ],
            "description": "The SilverStripe framework",
            "homepage": "http://silverstripe.org",
            "keywords": [
                "framework",
                "silverstripe"
            ],
            "time": "2015-05-28 06:59:11"
        },
        {
            "name": "silverstripe/googlesitemaps",
            "version": "1.2.2",
            "source": {
                "type": "git",
                "url": "https://github.com/silverstripe-labs/silverstripe-googlesitemaps.git",
                "reference": "198a850f8dfb65751d0ae20c6576bc4fa2fd0608"
            },
            "dist": {
                "type": "zip",
                "url": "https://api.github.com/repos/silverstripe-labs/silverstripe-googlesitemaps/zipball/198a850f8dfb65751d0ae20c6576bc4fa2fd0608",
                "reference": "198a850f8dfb65751d0ae20c6576bc4fa2fd0608",
                "shasum": ""
            },
            "require": {
                "silverstripe/framework": "~3.1"
            },
            "type": "silverstripe-module",
            "notification-url": "https://packagist.org/downloads/",
            "license": [
                "BSD"
            ],
            "authors": [
                {
                    "name": "Will Rossiter",
                    "email": "will@fullscreen.io",
                    "homepage": "http://wilr.github.com"
                }
            ],
            "description": "SilverStripe support for the Google Sitemaps XML system, enabling Google and other search engines to see all urls on your site. This helps your SilverStripe website rank well in search engines, and to encourage the information on your site to be discovered by Google quickly.",
            "homepage": "https://github.com/silverstripe-labs/silverstripe-googlesitemaps",
            "keywords": [
                "googlesitemaps",
                "seo",
                "silverstripe"
            ],
            "time": "2014-07-17 22:16:18"
        },
        {
            "name": "unclecheese/betterbuttons",
            "version": "1.2.8",
            "source": {
                "type": "git",
                "url": "https://github.com/unclecheese/silverstripe-gridfield-betterbuttons.git",
                "reference": "b78f3c7449651ba2acefe4000f161e17384fcad3"
            },
            "dist": {
                "type": "zip",
                "url": "https://api.github.com/repos/unclecheese/silverstripe-gridfield-betterbuttons/zipball/b78f3c7449651ba2acefe4000f161e17384fcad3",
                "reference": "b78f3c7449651ba2acefe4000f161e17384fcad3",
                "shasum": ""
            },
            "require": {
                "silverstripe/framework": "~3.1"
            },
            "type": "silverstripe-module",
            "notification-url": "https://packagist.org/downloads/",
            "license": [
                "BSD-3-Clause"
            ],
            "authors": [
                {
                    "name": "Uncle Cheese",
                    "email": "unclecheese@leftandmain.com"
                }
            ],
            "description": "Adds new form actions and buttons to GridField detail form for usability enhancements.",
            "keywords": [
                "buttons",
                "gridfield",
                "silverstripe"
            ],
            "time": "2015-02-09 02:07:59"
        },
        {
            "name": "undefinedoffset/sortablegridfield",
            "version": "0.4.3",
            "source": {
                "type": "git",
                "url": "https://github.com/UndefinedOffset/SortableGridField.git",
                "reference": "81e8fae97a47c6338dd5ae946a5e086267e42a48"
            },
            "dist": {
                "type": "zip",
                "url": "https://api.github.com/repos/UndefinedOffset/SortableGridField/zipball/81e8fae97a47c6338dd5ae946a5e086267e42a48",
                "reference": "81e8fae97a47c6338dd5ae946a5e086267e42a48",
                "shasum": ""
            },
            "require": {
                "composer/installers": "*",
                "silverstripe/framework": ">=3.0.1,<3.2"
            },
            "type": "silverstripe-module",
            "extra": {
                "installer-name": "sortablegridfield"
            },
            "notification-url": "https://packagist.org/downloads/",
            "license": [
                "BSD-3-Clause"
            ],
            "authors": [
                {
                    "name": "Ed Chipman",
                    "homepage": "http://www.edchipman.ca",
                    "role": "Developer"
                }
            ],
            "description": "Adds drag and drop functionality to SilverStripe 3.0's GridField",
            "keywords": [
                "gridfield",
                "silverstripe"
            ],
            "time": "2015-05-07 15:44:55"
        }
    ],
    "packages-dev": [],
    "aliases": [],
    "minimum-stability": "dev",
    "stability-flags": {
        "silverstripe/cms": 0,
        "silverstripe/framework": 0,
        "ryanpotter/silverstripe-boilerplate": 20,
        "ryanpotter/silverstripe-cms-theme": 20
    },
    "prefer-stable": false,
    "prefer-lowest": false,
    "platform": {
        "php": ">=5.3.3"
    },
    "platform-dev": []
}
